
Microsoft Visual Studio Solution File, Format Version 12.00
# Visual Studio Version 17
VisualStudioVersion = 17.5.33516.290
MinimumVisualStudioVersion = 10.0.40219.1
Project("{2150E333-8FDC-42A3-9474-1A3956D46DE8}") = "Strategy", "Strategy", "{B1B4F9D9-87C4-4CE5-AB46-15815340CFF3}"
EndProject
Project("{9A19103F-16F7-4668-BE54-9A1E7A4F7556}") = "Strategy", "Strategy\Strategy.csproj", "{88C10B5D-BBA2-4968-9216-A6605AE0E6B8}"
EndProject
Project("{2150E333-8FDC-42A3-9474-1A3956D46DE8}") = "ChainOfResponsibility", "ChainOfResponsibility", "{94387817-2376-4E94-A324-D0F9390F1F0F}"
EndProject
Project("{9A19103F-16F7-4668-BE54-9A1E7A4F7556}") = "ChainOfResponsibility", "ChainOfResponsibility\ChainOfResponsibility.csproj", "{7F3CB6E9-CF9F-4854-8CDB-BF768119D6E6}"
EndProject
Project("{2150E333-8FDC-42A3-9474-1A3956D46DE8}") = "TemplateMethod", "TemplateMethod", "{226D0B5E-17A1-4138-814E-8F688CD9C691}"
EndProject
Project("{9A19103F-16F7-4668-BE54-9A1E7A4F7556}") = "TemplateMethod", "TemplateMethod\TemplateMethod.csproj", "{F4C5B97B-F59B-491D-8399-E2717EEB3145}"
EndProject
Project("{2150E333-8FDC-42A3-9474-1A3956D46DE8}") = "Decorator", "Decorator", "{A33E37B9-6158-401A-8D07-252D0DAD7490}"
EndProject
Project("{9A19103F-16F7-4668-BE54-9A1E7A4F7556}") = "Decorator", "Decorator\Decorator.csproj", "{3D40100A-837E-4E5E-907F-C8F881CF6475}"
EndProject
Project("{2150E333-8FDC-42A3-9474-1A3956D46DE8}") = "State", "State", "{78707774-88A4-4486-B24A-B3845F71F288}"
EndProject
Project("{FAE04EC0-301F-11D3-BF4B-00C04F79EFBC}") = "State", "State\State.csproj", "{37A73703-41F4-4E2A-878F-F17BAECF06AC}"
EndProject
Project("{2150E333-8FDC-42A3-9474-1A3956D46DE8}") = "Builder", "Builder", "{EAC15DBD-421F-4FA0-AFDF-D60F34A2C377}"
EndProject
Project("{FAE04EC0-301F-11D3-BF4B-00C04F79EFBC}") = "Builder", "Builder\Builder.csproj", "{34145158-A6E2-4C9B-B1A9-6D24272730BB}"
EndProject
Project("{2150E333-8FDC-42A3-9474-1A3956D46DE8}") = "Observer", "Observer", "{9A9007C3-1AEC-439B-BDA9-3DBC7C1121E1}"
EndProject
Project("{FAE04EC0-301F-11D3-BF4B-00C04F79EFBC}") = "Observer", "Observer\Observer.csproj", "{B047271C-C60D-4486-9E94-906361C19AE4}"
EndProject
Project("{FAE04EC0-301F-11D3-BF4B-00C04F79EFBC}") = "Factory", "Factory\Factory.csproj", "{CC131697-FB2C-43B4-AA1F-34E2177CCB86}"
EndProject
Project("{FAE04EC0-301F-11D3-BF4B-00C04F79EFBC}") = "Builder2", "Builder2\Builder2.csproj", "{EE137483-6380-45D1-8097-2F269D73A1E9}"
EndProject
Project("{FAE04EC0-301F-11D3-BF4B-00C04F79EFBC}") = "Decorator2", "Decorator2\Decorator2.csproj", "{7AEB3985-648F-4923-8220-2B5449072FBE}"
EndProject
Global
	GlobalSection(SolutionConfigurationPlatforms) = preSolution
		Debug|Any CPU = Debug|Any CPU
		Release|Any CPU = Release|Any CPU
	EndGlobalSection
	GlobalSection(ProjectConfigurationPlatforms) = postSolution
		{88C10B5D-BBA2-4968-9216-A6605AE0E6B8}.Debug|Any CPU.ActiveCfg = Debug|Any CPU
		{88C10B5D-BBA2-4968-9216-A6605AE0E6B8}.Debug|Any CPU.Build.0 = Debug|Any CPU
		{88C10B5D-BBA2-4968-9216-A6605AE0E6B8}.Release|Any CPU.ActiveCfg = Release|Any CPU
		{88C10B5D-BBA2-4968-9216-A6605AE0E6B8}.Release|Any CPU.Build.0 = Release|Any CPU
		{7F3CB6E9-CF9F-4854-8CDB-BF768119D6E6}.Debug|Any CPU.ActiveCfg = Debug|Any CPU
		{7F3CB6E9-CF9F-4854-8CDB-BF768119D6E6}.Debug|Any CPU.Build.0 = Debug|Any CPU
		{7F3CB6E9-CF9F-4854-8CDB-BF768119D6E6}.Release|Any CPU.ActiveCfg = Release|Any CPU
		{7F3CB6E9-CF9F-4854-8CDB-BF768119D6E6}.Release|Any CPU.Build.0 = Release|Any CPU
		{F4C5B97B-F59B-491D-8399-E2717EEB3145}.Debug|Any CPU.ActiveCfg = Debug|Any CPU
		{F4C5B97B-F59B-491D-8399-E2717EEB3145}.Debug|Any CPU.Build.0 = Debug|Any CPU
		{F4C5B97B-F59B-491D-8399-E2717EEB3145}.Release|Any CPU.ActiveCfg = Release|Any CPU
		{F4C5B97B-F59B-491D-8399-E2717EEB3145}.Release|Any CPU.Build.0 = Release|Any CPU
		{3D40100A-837E-4E5E-907F-C8F881CF6475}.Debug|Any CPU.ActiveCfg = Debug|Any CPU
		{3D40100A-837E-4E5E-907F-C8F881CF6475}.Debug|Any CPU.Build.0 = Debug|Any CPU
		{3D40100A-837E-4E5E-907F-C8F881CF6475}.Release|Any CPU.ActiveCfg = Release|Any CPU
		{3D40100A-837E-4E5E-907F-C8F881CF6475}.Release|Any CPU.Build.0 = Release|Any CPU
		{37A73703-41F4-4E2A-878F-F17BAECF06AC}.Debug|Any CPU.ActiveCfg = Debug|Any CPU
		{37A73703-41F4-4E2A-878F-F17BAECF06AC}.Debug|Any CPU.Build.0 = Debug|Any CPU
		{37A73703-41F4-4E2A-878F-F17BAECF06AC}.Release|Any CPU.ActiveCfg = Release|Any CPU
		{37A73703-41F4-4E2A-878F-F17BAECF06AC}.Release|Any CPU.Build.0 = Release|Any CPU
		{34145158-A6E2-4C9B-B1A9-6D24272730BB}.Debug|Any CPU.ActiveCfg = Debug|Any CPU
		{34145158-A6E2-4C9B-B1A9-6D24272730BB}.Debug|Any CPU.Build.0 = Debug|Any CPU
		{34145158-A6E2-4C9B-B1A9-6D24272730BB}.Release|Any CPU.ActiveCfg = Release|Any CPU
		{34145158-A6E2-4C9B-B1A9-6D24272730BB}.Release|Any CPU.Build.0 = Release|Any CPU
		{B047271C-C60D-4486-9E94-906361C19AE4}.Debug|Any CPU.ActiveCfg = Debug|Any CPU
		{B047271C-C60D-4486-9E94-906361C19AE4}.Debug|Any CPU.Build.0 = Debug|Any CPU
		{B047271C-C60D-4486-9E94-906361C19AE4}.Release|Any CPU.ActiveCfg = Release|Any CPU
		{B047271C-C60D-4486-9E94-906361C19AE4}.Release|Any CPU.Build.0 = Release|Any CPU
		{CC131697-FB2C-43B4-AA1F-34E2177CCB86}.Debug|Any CPU.ActiveCfg = Debug|Any CPU
		{CC131697-FB2C-43B4-AA1F-34E2177CCB86}.Debug|Any CPU.Build.0 = Debug|Any CPU
		{CC131697-FB2C-43B4-AA1F-34E2177CCB86}.Release|Any CPU.ActiveCfg = Release|Any CPU
		{CC131697-FB2C-43B4-AA1F-34E2177CCB86}.Release|Any CPU.Build.0 = Release|Any CPU
		{EE137483-6380-45D1-8097-2F269D73A1E9}.Debug|Any CPU.ActiveCfg = Debug|Any CPU
		{EE137483-6380-45D1-8097-2F269D73A1E9}.Debug|Any CPU.Build.0 = Debug|Any CPU
		{EE137483-6380-45D1-8097-2F269D73A1E9}.Release|Any CPU.ActiveCfg = Release|Any CPU
		{EE137483-6380-45D1-8097-2F269D73A1E9}.Release|Any CPU.Build.0 = Release|Any CPU
		{7AEB3985-648F-4923-8220-2B5449072FBE}.Debug|Any CPU.ActiveCfg = Debug|Any CPU
		{7AEB3985-648F-4923-8220-2B5449072FBE}.Debug|Any CPU.Build.0 = Debug|Any CPU
		{7AEB3985-648F-4923-8220-2B5449072FBE}.Release|Any CPU.ActiveCfg = Release|Any CPU
		{7AEB3985-648F-4923-8220-2B5449072FBE}.Release|Any CPU.Build.0 = Release|Any CPU
	EndGlobalSection
	GlobalSection(SolutionProperties) = preSolution
		HideSolutionNode = FALSE
	EndGlobalSection
	GlobalSection(NestedProjects) = preSolution
		{88C10B5D-BBA2-4968-9216-A6605AE0E6B8} = {B1B4F9D9-87C4-4CE5-AB46-15815340CFF3}
		{7F3CB6E9-CF9F-4854-8CDB-BF768119D6E6} = {94387817-2376-4E94-A324-D0F9390F1F0F}
		{F4C5B97B-F59B-491D-8399-E2717EEB3145} = {226D0B5E-17A1-4138-814E-8F688CD9C691}
		{3D40100A-837E-4E5E-907F-C8F881CF6475} = {A33E37B9-6158-401A-8D07-252D0DAD7490}
		{37A73703-41F4-4E2A-878F-F17BAECF06AC} = {78707774-88A4-4486-B24A-B3845F71F288}
		{34145158-A6E2-4C9B-B1A9-6D24272730BB} = {EAC15DBD-421F-4FA0-AFDF-D60F34A2C377}
		{B047271C-C60D-4486-9E94-906361C19AE4} = {9A9007C3-1AEC-439B-BDA9-3DBC7C1121E1}
		{EE137483-6380-45D1-8097-2F269D73A1E9} = {EAC15DBD-421F-4FA0-AFDF-D60F34A2C377}
		{7AEB3985-648F-4923-8220-2B5449072FBE} = {A33E37B9-6158-401A-8D07-252D0DAD7490}
	EndGlobalSection
	GlobalSection(ExtensibilityGlobals) = postSolution
		SolutionGuid = {F4EF6D49-8E5D-4644-ADF6-16FE1935969F}
	EndGlobalSection
EndGlobal
