
Microsoft Visual Studio Solution File, Format Version 12.00
# Visual Studio Version 17
VisualStudioVersion = 17.5.33516.290
MinimumVisualStudioVersion = 10.0.40219.1
Project("{2150E333-8FDC-42A3-9474-1A3956D46DE8}") = "Strategy", "Strategy", "{B1B4F9D9-87C4-4CE5-AB46-15815340CFF3}"
EndProject
Project("{9A19103F-16F7-4668-BE54-9A1E7A4F7556}") = "Strategy", "Strategy\Strategy.csproj", "{88C10B5D-BBA2-4968-9216-A6605AE0E6B8}"
EndProject
Project("{2150E333-8FDC-42A3-9474-1A3956D46DE8}") = "ChainOfResponsibility", "ChainOfResponsibility", "{94387817-2376-4E94-A324-D0F9390F1F0F}"
EndProject
Project("{9A19103F-16F7-4668-BE54-9A1E7A4F7556}") = "ChainOfResponsibility", "ChainOfResponsibility\ChainOfResponsibility.csproj", "{7F3CB6E9-CF9F-4854-8CDB-BF768119D6E6}"
EndProject
Project("{2150E333-8FDC-42A3-9474-1A3956D46DE8}") = "TemplateMethod", "TemplateMethod", "{226D0B5E-17A1-4138-814E-8F688CD9C691}"
EndProject
Project("{9A19103F-16F7-4668-BE54-9A1E7A4F7556}") = "TemplateMethod", "TemplateMethod\TemplateMethod.csproj", "{F4C5B97B-F59B-491D-8399-E2717EEB3145}"
EndProject
Project("{2150E333-8FDC-42A3-9474-1A3956D46DE8}") = "Decorator", "Decorator", "{A33E37B9-6158-401A-8D07-252D0DAD7490}"
EndProject
Project("{9A19103F-16F7-4668-BE54-9A1E7A4F7556}") = "Decorator", "Decorator\Decorator.csproj", "{3D40100A-837E-4E5E-907F-C8F881CF6475}"
EndProject
Project("{2150E333-8FDC-42A3-9474-1A3956D46DE8}") = "State", "State", "{78707774-88A4-4486-B24A-B3845F71F288}"
EndProject
Project("{9A19103F-16F7-4668-BE54-9A1E7A4F7556}") = "State", "State\State.csproj", "{37A73703-41F4-4E2A-878F-F17BAECF06AC}"
EndProject
Project("{2150E333-8FDC-42A3-9474-1A3956D46DE8}") = "Builder", "Builder", "{EAC15DBD-421F-4FA0-AFDF-D60F34A2C377}"
EndProject
Project("{9A19103F-16F7-4668-BE54-9A1E7A4F7556}") = "Builder", "Builder\Builder.csproj", "{34145158-A6E2-4C9B-B1A9-6D24272730BB}"
EndProject
Project("{2150E333-8FDC-42A3-9474-1A3956D46DE8}") = "Observer", "Observer", "{9A9007C3-1AEC-439B-BDA9-3DBC7C1121E1}"
EndProject
Project("{9A19103F-16F7-4668-BE54-9A1E7A4F7556}") = "Observer", "Observer\Observer.csproj", "{B047271C-C60D-4486-9E94-906361C19AE4}"
EndProject
Project("{9A19103F-16F7-4668-BE54-9A1E7A4F7556}") = "Factory", "Factory\Factory.csproj", "{CC131697-FB2C-43B4-AA1F-34E2177CCB86}"
EndProject
Project("{9A19103F-16F7-4668-BE54-9A1E7A4F7556}") = "Builder2", "Builder2\Builder2.csproj", "{EE137483-6380-45D1-8097-2F269D73A1E9}"
EndProject
Project("{9A19103F-16F7-4668-BE54-9A1E7A4F7556}") = "Decorator2", "Decorator2\Decorator2.csproj", "{7AEB3985-648F-4923-8220-2B5449072FBE}"
EndProject
Project("{2150E333-8FDC-42A3-9474-1A3956D46DE8}") = "A - Creational", "A - Creational", "{33E20BAF-0981-4927-82BD-B6DBDF3876D1}"
EndProject
Project("{2150E333-8FDC-42A3-9474-1A3956D46DE8}") = "B - Structural", "B - Structural", "{9698B993-6FB2-4D3A-AE52-699D05C37068}"
EndProject
Project("{2150E333-8FDC-42A3-9474-1A3956D46DE8}") = "C - Behavioral", "C - Behavioral", "{98724A4A-0803-4F69-B0B7-DA3F877CF254}"
EndProject
Project("{2150E333-8FDC-42A3-9474-1A3956D46DE8}") = "Factory", "Factory", "{0E8666D6-C3CE-45BE-9B60-6C81AD2FCE4D}"
EndProject
Project("{2150E333-8FDC-42A3-9474-1A3956D46DE8}") = "Singleton", "Singleton", "{8D6FFCB9-6792-4691-88BD-9323E8B08EBB}"
EndProject
Project("{9A19103F-16F7-4668-BE54-9A1E7A4F7556}") = "Singleton", "Singleton\Singleton.csproj", "{A1BAE14C-9DC2-48A6-8E25-34AFB8CAC2D5}"
EndProject
Project("{2150E333-8FDC-42A3-9474-1A3956D46DE8}") = "FactoryMethod", "FactoryMethod", "{7E03F1F3-C578-45FD-B350-BC1BCCDEA4D4}"
EndProject
Project("{9A19103F-16F7-4668-BE54-9A1E7A4F7556}") = "FactoryMethod", "FactoryMethod\FactoryMethod.csproj", "{DE44700E-10C3-40FF-BD6B-D1EB5A0BB5E1}"
EndProject
Project("{9A19103F-16F7-4668-BE54-9A1E7A4F7556}") = "SingletonApi", "SingletonApi\SingletonApi.csproj", "{84AD30A9-7C0A-4E85-A0AB-74E1F095081F}"
EndProject
Project("{2150E333-8FDC-42A3-9474-1A3956D46DE8}") = "AbstractFactory", "AbstractFactory", "{8BD910A8-5822-40E2-964A-E3D533846487}"
EndProject
Project("{9A19103F-16F7-4668-BE54-9A1E7A4F7556}") = "AbstractFactory", "AbstractFactory\AbstractFactory.csproj", "{15D7BF5D-5134-413A-86D0-152C4B749079}"
EndProject
Project("{9A19103F-16F7-4668-BE54-9A1E7A4F7556}") = "AbstractFactoryApi", "AbstractFactoryApi\AbstractFactoryApi.csproj", "{C82230EE-0A41-4AA5-AD61-F45BD96497C0}"
EndProject
Project("{9A19103F-16F7-4668-BE54-9A1E7A4F7556}") = "Builder3", "Builder3\Builder3.csproj", "{BEBFA748-8736-40C7-A017-AAF8AD787AD0}"
EndProject
Project("{9A19103F-16F7-4668-BE54-9A1E7A4F7556}") = "BuilderApi", "BuilderApi\BuilderApi.csproj", "{FD26873E-5D2A-4321-9E4D-FB060C645239}"
EndProject
Project("{9A19103F-16F7-4668-BE54-9A1E7A4F7556}") = "Strategy2", "Strategy2\Strategy2.csproj", "{D38D9ADD-DB6E-48F6-9662-F96EA55B5F30}"
EndProject
Project("{9A19103F-16F7-4668-BE54-9A1E7A4F7556}") = "StrategyApi", "StrategyApi\StrategyApi.csproj", "{8F435B86-76DA-418D-9B5F-65E0D794E41C}"
EndProject
Project("{FAE04EC0-301F-11D3-BF4B-00C04F79EFBC}") = "Strategy3", "Strategy3\Strategy3.csproj", "{8C478733-51D0-427D-943F-A3B26DD55E93}"
EndProject
Project("{2150E333-8FDC-42A3-9474-1A3956D46DE8}") = "Prototype", "Prototype", "{D2F30452-CC2B-47FD-BAEC-08AFA77E3243}"
EndProject
Project("{FAE04EC0-301F-11D3-BF4B-00C04F79EFBC}") = "Prototype", "Prototype\Prototype.csproj", "{EAB83D3E-874E-4AD8-A4B9-4238EC6DAB0A}"
EndProject
Global
	GlobalSection(SolutionConfigurationPlatforms) = preSolution
		Debug|Any CPU = Debug|Any CPU
		Release|Any CPU = Release|Any CPU
	EndGlobalSection
	GlobalSection(ProjectConfigurationPlatforms) = postSolution
		{88C10B5D-BBA2-4968-9216-A6605AE0E6B8}.Debug|Any CPU.ActiveCfg = Debug|Any CPU
		{88C10B5D-BBA2-4968-9216-A6605AE0E6B8}.Debug|Any CPU.Build.0 = Debug|Any CPU
		{88C10B5D-BBA2-4968-9216-A6605AE0E6B8}.Release|Any CPU.ActiveCfg = Release|Any CPU
		{88C10B5D-BBA2-4968-9216-A6605AE0E6B8}.Release|Any CPU.Build.0 = Release|Any CPU
		{7F3CB6E9-CF9F-4854-8CDB-BF768119D6E6}.Debug|Any CPU.ActiveCfg = Debug|Any CPU
		{7F3CB6E9-CF9F-4854-8CDB-BF768119D6E6}.Debug|Any CPU.Build.0 = Debug|Any CPU
		{7F3CB6E9-CF9F-4854-8CDB-BF768119D6E6}.Release|Any CPU.ActiveCfg = Release|Any CPU
		{7F3CB6E9-CF9F-4854-8CDB-BF768119D6E6}.Release|Any CPU.Build.0 = Release|Any CPU
		{F4C5B97B-F59B-491D-8399-E2717EEB3145}.Debug|Any CPU.ActiveCfg = Debug|Any CPU
		{F4C5B97B-F59B-491D-8399-E2717EEB3145}.Debug|Any CPU.Build.0 = Debug|Any CPU
		{F4C5B97B-F59B-491D-8399-E2717EEB3145}.Release|Any CPU.ActiveCfg = Release|Any CPU
		{F4C5B97B-F59B-491D-8399-E2717EEB3145}.Release|Any CPU.Build.0 = Release|Any CPU
		{3D40100A-837E-4E5E-907F-C8F881CF6475}.Debug|Any CPU.ActiveCfg = Debug|Any CPU
		{3D40100A-837E-4E5E-907F-C8F881CF6475}.Debug|Any CPU.Build.0 = Debug|Any CPU
		{3D40100A-837E-4E5E-907F-C8F881CF6475}.Release|Any CPU.ActiveCfg = Release|Any CPU
		{3D40100A-837E-4E5E-907F-C8F881CF6475}.Release|Any CPU.Build.0 = Release|Any CPU
		{37A73703-41F4-4E2A-878F-F17BAECF06AC}.Debug|Any CPU.ActiveCfg = Debug|Any CPU
		{37A73703-41F4-4E2A-878F-F17BAECF06AC}.Debug|Any CPU.Build.0 = Debug|Any CPU
		{37A73703-41F4-4E2A-878F-F17BAECF06AC}.Release|Any CPU.ActiveCfg = Release|Any CPU
		{37A73703-41F4-4E2A-878F-F17BAECF06AC}.Release|Any CPU.Build.0 = Release|Any CPU
		{34145158-A6E2-4C9B-B1A9-6D24272730BB}.Debug|Any CPU.ActiveCfg = Debug|Any CPU
		{34145158-A6E2-4C9B-B1A9-6D24272730BB}.Debug|Any CPU.Build.0 = Debug|Any CPU
		{34145158-A6E2-4C9B-B1A9-6D24272730BB}.Release|Any CPU.ActiveCfg = Release|Any CPU
		{34145158-A6E2-4C9B-B1A9-6D24272730BB}.Release|Any CPU.Build.0 = Release|Any CPU
		{B047271C-C60D-4486-9E94-906361C19AE4}.Debug|Any CPU.ActiveCfg = Debug|Any CPU
		{B047271C-C60D-4486-9E94-906361C19AE4}.Debug|Any CPU.Build.0 = Debug|Any CPU
		{B047271C-C60D-4486-9E94-906361C19AE4}.Release|Any CPU.ActiveCfg = Release|Any CPU
		{B047271C-C60D-4486-9E94-906361C19AE4}.Release|Any CPU.Build.0 = Release|Any CPU
		{CC131697-FB2C-43B4-AA1F-34E2177CCB86}.Debug|Any CPU.ActiveCfg = Debug|Any CPU
		{CC131697-FB2C-43B4-AA1F-34E2177CCB86}.Debug|Any CPU.Build.0 = Debug|Any CPU
		{CC131697-FB2C-43B4-AA1F-34E2177CCB86}.Release|Any CPU.ActiveCfg = Release|Any CPU
		{CC131697-FB2C-43B4-AA1F-34E2177CCB86}.Release|Any CPU.Build.0 = Release|Any CPU
		{EE137483-6380-45D1-8097-2F269D73A1E9}.Debug|Any CPU.ActiveCfg = Debug|Any CPU
		{EE137483-6380-45D1-8097-2F269D73A1E9}.Debug|Any CPU.Build.0 = Debug|Any CPU
		{EE137483-6380-45D1-8097-2F269D73A1E9}.Release|Any CPU.ActiveCfg = Release|Any CPU
		{EE137483-6380-45D1-8097-2F269D73A1E9}.Release|Any CPU.Build.0 = Release|Any CPU
		{7AEB3985-648F-4923-8220-2B5449072FBE}.Debug|Any CPU.ActiveCfg = Debug|Any CPU
		{7AEB3985-648F-4923-8220-2B5449072FBE}.Debug|Any CPU.Build.0 = Debug|Any CPU
		{7AEB3985-648F-4923-8220-2B5449072FBE}.Release|Any CPU.ActiveCfg = Release|Any CPU
		{7AEB3985-648F-4923-8220-2B5449072FBE}.Release|Any CPU.Build.0 = Release|Any CPU
		{A1BAE14C-9DC2-48A6-8E25-34AFB8CAC2D5}.Debug|Any CPU.ActiveCfg = Debug|Any CPU
		{A1BAE14C-9DC2-48A6-8E25-34AFB8CAC2D5}.Debug|Any CPU.Build.0 = Debug|Any CPU
		{A1BAE14C-9DC2-48A6-8E25-34AFB8CAC2D5}.Release|Any CPU.ActiveCfg = Release|Any CPU
		{A1BAE14C-9DC2-48A6-8E25-34AFB8CAC2D5}.Release|Any CPU.Build.0 = Release|Any CPU
		{DE44700E-10C3-40FF-BD6B-D1EB5A0BB5E1}.Debug|Any CPU.ActiveCfg = Debug|Any CPU
		{DE44700E-10C3-40FF-BD6B-D1EB5A0BB5E1}.Debug|Any CPU.Build.0 = Debug|Any CPU
		{DE44700E-10C3-40FF-BD6B-D1EB5A0BB5E1}.Release|Any CPU.ActiveCfg = Release|Any CPU
		{DE44700E-10C3-40FF-BD6B-D1EB5A0BB5E1}.Release|Any CPU.Build.0 = Release|Any CPU
		{84AD30A9-7C0A-4E85-A0AB-74E1F095081F}.Debug|Any CPU.ActiveCfg = Debug|Any CPU
		{84AD30A9-7C0A-4E85-A0AB-74E1F095081F}.Debug|Any CPU.Build.0 = Debug|Any CPU
		{84AD30A9-7C0A-4E85-A0AB-74E1F095081F}.Release|Any CPU.ActiveCfg = Release|Any CPU
		{84AD30A9-7C0A-4E85-A0AB-74E1F095081F}.Release|Any CPU.Build.0 = Release|Any CPU
		{15D7BF5D-5134-413A-86D0-152C4B749079}.Debug|Any CPU.ActiveCfg = Debug|Any CPU
		{15D7BF5D-5134-413A-86D0-152C4B749079}.Debug|Any CPU.Build.0 = Debug|Any CPU
		{15D7BF5D-5134-413A-86D0-152C4B749079}.Release|Any CPU.ActiveCfg = Release|Any CPU
		{15D7BF5D-5134-413A-86D0-152C4B749079}.Release|Any CPU.Build.0 = Release|Any CPU
		{C82230EE-0A41-4AA5-AD61-F45BD96497C0}.Debug|Any CPU.ActiveCfg = Debug|Any CPU
		{C82230EE-0A41-4AA5-AD61-F45BD96497C0}.Debug|Any CPU.Build.0 = Debug|Any CPU
		{C82230EE-0A41-4AA5-AD61-F45BD96497C0}.Release|Any CPU.ActiveCfg = Release|Any CPU
		{C82230EE-0A41-4AA5-AD61-F45BD96497C0}.Release|Any CPU.Build.0 = Release|Any CPU
		{BEBFA748-8736-40C7-A017-AAF8AD787AD0}.Debug|Any CPU.ActiveCfg = Debug|Any CPU
		{BEBFA748-8736-40C7-A017-AAF8AD787AD0}.Debug|Any CPU.Build.0 = Debug|Any CPU
		{BEBFA748-8736-40C7-A017-AAF8AD787AD0}.Release|Any CPU.ActiveCfg = Release|Any CPU
		{BEBFA748-8736-40C7-A017-AAF8AD787AD0}.Release|Any CPU.Build.0 = Release|Any CPU
		{FD26873E-5D2A-4321-9E4D-FB060C645239}.Debug|Any CPU.ActiveCfg = Debug|Any CPU
		{FD26873E-5D2A-4321-9E4D-FB060C645239}.Debug|Any CPU.Build.0 = Debug|Any CPU
		{FD26873E-5D2A-4321-9E4D-FB060C645239}.Release|Any CPU.ActiveCfg = Release|Any CPU
		{FD26873E-5D2A-4321-9E4D-FB060C645239}.Release|Any CPU.Build.0 = Release|Any CPU
		{D38D9ADD-DB6E-48F6-9662-F96EA55B5F30}.Debug|Any CPU.ActiveCfg = Debug|Any CPU
		{D38D9ADD-DB6E-48F6-9662-F96EA55B5F30}.Debug|Any CPU.Build.0 = Debug|Any CPU
		{D38D9ADD-DB6E-48F6-9662-F96EA55B5F30}.Release|Any CPU.ActiveCfg = Release|Any CPU
		{D38D9ADD-DB6E-48F6-9662-F96EA55B5F30}.Release|Any CPU.Build.0 = Release|Any CPU
		{8F435B86-76DA-418D-9B5F-65E0D794E41C}.Debug|Any CPU.ActiveCfg = Debug|Any CPU
		{8F435B86-76DA-418D-9B5F-65E0D794E41C}.Debug|Any CPU.Build.0 = Debug|Any CPU
		{8F435B86-76DA-418D-9B5F-65E0D794E41C}.Release|Any CPU.ActiveCfg = Release|Any CPU
		{8F435B86-76DA-418D-9B5F-65E0D794E41C}.Release|Any CPU.Build.0 = Release|Any CPU
		{8C478733-51D0-427D-943F-A3B26DD55E93}.Debug|Any CPU.ActiveCfg = Debug|Any CPU
		{8C478733-51D0-427D-943F-A3B26DD55E93}.Debug|Any CPU.Build.0 = Debug|Any CPU
		{8C478733-51D0-427D-943F-A3B26DD55E93}.Release|Any CPU.ActiveCfg = Release|Any CPU
		{8C478733-51D0-427D-943F-A3B26DD55E93}.Release|Any CPU.Build.0 = Release|Any CPU
		{EAB83D3E-874E-4AD8-A4B9-4238EC6DAB0A}.Debug|Any CPU.ActiveCfg = Debug|Any CPU
		{EAB83D3E-874E-4AD8-A4B9-4238EC6DAB0A}.Debug|Any CPU.Build.0 = Debug|Any CPU
		{EAB83D3E-874E-4AD8-A4B9-4238EC6DAB0A}.Release|Any CPU.ActiveCfg = Release|Any CPU
		{EAB83D3E-874E-4AD8-A4B9-4238EC6DAB0A}.Release|Any CPU.Build.0 = Release|Any CPU
	EndGlobalSection
	GlobalSection(SolutionProperties) = preSolution
		HideSolutionNode = FALSE
	EndGlobalSection
	GlobalSection(NestedProjects) = preSolution
		{B1B4F9D9-87C4-4CE5-AB46-15815340CFF3} = {98724A4A-0803-4F69-B0B7-DA3F877CF254}
		{88C10B5D-BBA2-4968-9216-A6605AE0E6B8} = {B1B4F9D9-87C4-4CE5-AB46-15815340CFF3}
		{94387817-2376-4E94-A324-D0F9390F1F0F} = {98724A4A-0803-4F69-B0B7-DA3F877CF254}
		{7F3CB6E9-CF9F-4854-8CDB-BF768119D6E6} = {94387817-2376-4E94-A324-D0F9390F1F0F}
		{226D0B5E-17A1-4138-814E-8F688CD9C691} = {98724A4A-0803-4F69-B0B7-DA3F877CF254}
		{F4C5B97B-F59B-491D-8399-E2717EEB3145} = {226D0B5E-17A1-4138-814E-8F688CD9C691}
		{A33E37B9-6158-401A-8D07-252D0DAD7490} = {9698B993-6FB2-4D3A-AE52-699D05C37068}
		{3D40100A-837E-4E5E-907F-C8F881CF6475} = {A33E37B9-6158-401A-8D07-252D0DAD7490}
		{78707774-88A4-4486-B24A-B3845F71F288} = {98724A4A-0803-4F69-B0B7-DA3F877CF254}
		{37A73703-41F4-4E2A-878F-F17BAECF06AC} = {78707774-88A4-4486-B24A-B3845F71F288}
		{EAC15DBD-421F-4FA0-AFDF-D60F34A2C377} = {33E20BAF-0981-4927-82BD-B6DBDF3876D1}
		{34145158-A6E2-4C9B-B1A9-6D24272730BB} = {EAC15DBD-421F-4FA0-AFDF-D60F34A2C377}
		{9A9007C3-1AEC-439B-BDA9-3DBC7C1121E1} = {98724A4A-0803-4F69-B0B7-DA3F877CF254}
		{B047271C-C60D-4486-9E94-906361C19AE4} = {9A9007C3-1AEC-439B-BDA9-3DBC7C1121E1}
		{CC131697-FB2C-43B4-AA1F-34E2177CCB86} = {0E8666D6-C3CE-45BE-9B60-6C81AD2FCE4D}
		{EE137483-6380-45D1-8097-2F269D73A1E9} = {EAC15DBD-421F-4FA0-AFDF-D60F34A2C377}
		{7AEB3985-648F-4923-8220-2B5449072FBE} = {A33E37B9-6158-401A-8D07-252D0DAD7490}
		{0E8666D6-C3CE-45BE-9B60-6C81AD2FCE4D} = {98724A4A-0803-4F69-B0B7-DA3F877CF254}
		{8D6FFCB9-6792-4691-88BD-9323E8B08EBB} = {33E20BAF-0981-4927-82BD-B6DBDF3876D1}
		{A1BAE14C-9DC2-48A6-8E25-34AFB8CAC2D5} = {8D6FFCB9-6792-4691-88BD-9323E8B08EBB}
		{7E03F1F3-C578-45FD-B350-BC1BCCDEA4D4} = {33E20BAF-0981-4927-82BD-B6DBDF3876D1}
		{DE44700E-10C3-40FF-BD6B-D1EB5A0BB5E1} = {7E03F1F3-C578-45FD-B350-BC1BCCDEA4D4}
		{84AD30A9-7C0A-4E85-A0AB-74E1F095081F} = {7E03F1F3-C578-45FD-B350-BC1BCCDEA4D4}
		{8BD910A8-5822-40E2-964A-E3D533846487} = {33E20BAF-0981-4927-82BD-B6DBDF3876D1}
		{15D7BF5D-5134-413A-86D0-152C4B749079} = {8BD910A8-5822-40E2-964A-E3D533846487}
		{C82230EE-0A41-4AA5-AD61-F45BD96497C0} = {8BD910A8-5822-40E2-964A-E3D533846487}
		{BEBFA748-8736-40C7-A017-AAF8AD787AD0} = {EAC15DBD-421F-4FA0-AFDF-D60F34A2C377}
		{FD26873E-5D2A-4321-9E4D-FB060C645239} = {EAC15DBD-421F-4FA0-AFDF-D60F34A2C377}
		{D38D9ADD-DB6E-48F6-9662-F96EA55B5F30} = {B1B4F9D9-87C4-4CE5-AB46-15815340CFF3}
		{8F435B86-76DA-418D-9B5F-65E0D794E41C} = {B1B4F9D9-87C4-4CE5-AB46-15815340CFF3}
		{8C478733-51D0-427D-943F-A3B26DD55E93} = {B1B4F9D9-87C4-4CE5-AB46-15815340CFF3}
		{D2F30452-CC2B-47FD-BAEC-08AFA77E3243} = {33E20BAF-0981-4927-82BD-B6DBDF3876D1}
		{EAB83D3E-874E-4AD8-A4B9-4238EC6DAB0A} = {D2F30452-CC2B-47FD-BAEC-08AFA77E3243}
	EndGlobalSection
	GlobalSection(ExtensibilityGlobals) = postSolution
		SolutionGuid = {F4EF6D49-8E5D-4644-ADF6-16FE1935969F}
	EndGlobalSection
EndGlobal
